{
  "nodes": {
    "brew-src": {
      "flake": false,
      "locked": {
        "lastModified": 1748658199,
        "narHash": "sha256-xmI9Bk8zDWgmvJlPpeHZk9yHCZPG5uxZH9VmdEdWCkU=",
        "owner": "Homebrew",
        "repo": "brew",
        "rev": "54c8b127ea2263fbbaf1354e3d8d86025e387ea6",
        "type": "github"
      },
      "original": {
        "owner": "Homebrew",
        "ref": "4.5.4",
        "repo": "brew",
        "type": "github"
      }
    },
    "fenix": {
      "inputs": {
        "nixpkgs": [
          "nixpkgs"
        ],
        "rust-analyzer-src": "rust-analyzer-src"
      },
      "locked": {
        "lastModified": 1749019266,
        "narHash": "sha256-W7T6/KdLCqs4Dmpfkcs0/pAKHeIW9odWRHIUauST06M=",
        "owner": "nix-community",
        "repo": "fenix",
        "rev": "b6378decc0543a7d64f51fcca7f5727b47812365",
        "type": "github"
      },
      "original": {
        "owner": "nix-community",
        "repo": "fenix",
        "type": "github"
      }
    },
    "home-manager": {
      "inputs": {
        "nixpkgs": [
          "nixpkgs"
        ]
      },
      "locked": {
        "lastModified": 1748979197,
        "narHash": "sha256-mKYwYcO9RmA2AcAFIXGDBOw5iv/fbjw6adWvMbnfIuk=",
        "owner": "nix-community",
        "repo": "home-manager",
        "rev": "34a13086148cbb3ae65a79f753eb451ce5cac3d3",
        "type": "github"
      },
      "original": {
        "owner": "nix-community",
        "repo": "home-manager",
        "type": "github"
      }
    },
    "homebrew-cask": {
      "flake": false,
      "locked": {
        "lastModified": 1749021156,
        "narHash": "sha256-VNB1cG42NZuyYecXoudJYWqaaw1ei4k/hdwQpY2YLt4=",
        "owner": "homebrew",
        "repo": "homebrew-cask",
        "rev": "ebdc8306992d941ddca0b66326841cb25b8b1345",
        "type": "github"
      },
      "original": {
        "owner": "homebrew",
        "repo": "homebrew-cask",
        "type": "github"
      }
    },
    "homebrew-core": {
      "flake": false,
      "locked": {
        "lastModified": 1749024021,
        "narHash": "sha256-XbLobISlEYgTfuQuFvKpNr6OnFpjBDPjb4ZngTaWrdU=",
        "owner": "homebrew",
        "repo": "homebrew-core",
        "rev": "740cc85e834a61236b19ca6339776ddb347a97d8",
        "type": "github"
      },
      "original": {
        "owner": "homebrew",
        "repo": "homebrew-core",
        "type": "github"
      }
    },
    "nix-darwin": {
      "inputs": {
        "nixpkgs": [
          "nixpkgs"
        ]
      },
      "locked": {
        "lastModified": 1749012745,
        "narHash": "sha256-Cax/k9ZRPKqTz18vZtmqGR45pHRXM+sDvEVd4V/3NrU=",
        "owner": "LnL7",
        "repo": "nix-darwin",
        "rev": "fa6120c32f10bd2aac9e8c9a6e71528a9d9d823b",
        "type": "github"
      },
      "original": {
        "owner": "LnL7",
        "repo": "nix-darwin",
        "type": "github"
      }
    },
    "nix-homebrew": {
      "inputs": {
        "brew-src": "brew-src"
      },
      "locked": {
        "lastModified": 1748885738,
        "narHash": "sha256-fsOHwWowjhajWL5zsWiN5SdeKPNQa0RD3+sQUoH5VgQ=",
        "owner": "zhaofengli",
        "repo": "nix-homebrew",
        "rev": "29fe08d458f227200a62e38f5d5eafe625d7fda3",
        "type": "github"
      },
      "original": {
        "owner": "zhaofengli",
        "repo": "nix-homebrew",
        "type": "github"
      }
    },
    "nixpkgs": {
      "locked": {
        "lastModified": 1748856973,
        "narHash": "sha256-RlTsJUvvr8ErjPBsiwrGbbHYW8XbB/oek0Gi78XdWKg=",
        "owner": "NixOS",
        "repo": "nixpkgs",
        "rev": "e4b09e47ace7d87de083786b404bf232eb6c89d8",
        "type": "github"
      },
      "original": {
        "owner": "NixOS",
        "ref": "nixpkgs-unstable",
        "repo": "nixpkgs",
        "type": "github"
      }
    },
    "root": {
      "inputs": {
        "fenix": "fenix",
        "home-manager": "home-manager",
        "homebrew-cask": "homebrew-cask",
        "homebrew-core": "homebrew-core",
        "nix-darwin": "nix-darwin",
        "nix-homebrew": "nix-homebrew",
        "nixpkgs": "nixpkgs"
      }
    },
    "rust-analyzer-src": {
      "flake": false,
      "locked": {
        "lastModified": 1748931088,
        "narHash": "sha256-OqpRHL9wdrOjmC7eWIOdDC64n96dN1uTokJA6dsCuWs=",
        "owner": "rust-lang",
        "repo": "rust-analyzer",
        "rev": "cf969d21c30fed7eac32d9e485dca4b39df826f8",
        "type": "github"
      },
      "original": {
        "owner": "rust-lang",
        "ref": "nightly",
        "repo": "rust-analyzer",
        "type": "github"
      }
    }
  },
  "root": "root",
  "version": 7
}
